
Microsoft Visual Studio Solution File, Format Version 12.00
# Visual Studio Version 16
VisualStudioVersion = 16.0.31321.278
MinimumVisualStudioVersion = 10.0.40219.1
Project("{8BC9CEB8-8B4A-11D0-8D11-00A0C91BC942}") = "Sandbox", "Sandbox\Sandbox.vcxproj", "{EDB1927D-DE73-4AAE-B1E9-35FD513DA127}"
EndProject
Project("{8BC9CEB8-8B4A-11D0-8D11-00A0C91BC942}") = "Arc", "Arc\Arc.vcxproj", "{B871FD3A-ECF9-4CEA-BEAF-B39A192D3DB8}"
EndProject
Global
	GlobalSection(SolutionConfigurationPlatforms) = preSolution
		Debug|x64 = Debug|x64
		Release|x64 = Release|x64
	EndGlobalSection
	GlobalSection(ProjectConfigurationPlatforms) = postSolution
		{B871FD3A-ECF9-4CEA-BEAF-B39A192D3DB8}.Debug|x64.ActiveCfg = Debug|x64
		{B871FD3A-ECF9-4CEA-BEAF-B39A192D3DB8}.Debug|x64.Build.0 = Debug|x64
		{B871FD3A-ECF9-4CEA-BEAF-B39A192D3DB8}.Release|x64.ActiveCfg = Release|x64
		{B871FD3A-ECF9-4CEA-BEAF-B39A192D3DB8}.Release|x64.Build.0 = Release|x64
		{EDB1927D-DE73-4AAE-B1E9-35FD513DA127}.Debug|x64.ActiveCfg = Debug|x64
		{EDB1927D-DE73-4AAE-B1E9-35FD513DA127}.Debug|x64.Build.0 = Debug|x64
		{EDB1927D-DE73-4AAE-B1E9-35FD513DA127}.Release|x64.ActiveCfg = Release|x64
		{EDB1927D-DE73-4AAE-B1E9-35FD513DA127}.Release|x64.Build.0 = Release|x64
	EndGlobalSection
	GlobalSection(SolutionProperties) = preSolution
		HideSolutionNode = FALSE
	EndGlobalSection
	GlobalSection(ExtensibilityGlobals) = postSolution
		SolutionGuid = {A6DC6D4D-D9F3-4CD9-86CB-A9F381206631}
	EndGlobalSection
EndGlobal
