<?xml version="1.0" encoding="utf-8"?>
<Project ToolsVersion="4.0" xmlns="http://schemas.microsoft.com/developer/msbuild/2003">
  <ItemGroup>
    <Filter Include="Arc">
      <UniqueIdentifier>{7BD6870B-E7DF-877C-705B-9E7CDC63937C}</UniqueIdentifier>
    </Filter>
    <Filter Include="Arc\Events">
      <UniqueIdentifier>{FF09B244-EBC1-F391-54C9-CCED40A08E82}</UniqueIdentifier>
    </Filter>
  </ItemGroup>
  <ItemGroup>
    <ClInclude Include="src\Arc.h" />
    <ClInclude Include="src\Arc\Application.h">
      <Filter>Arc</Filter>
    </ClInclude>
    <ClInclude Include="src\Arc\Core.h">
      <Filter>Arc</Filter>
    </ClInclude>
    <ClInclude Include="src\Arc\EntryPoint.h">
      <Filter>Arc</Filter>
    </ClInclude>
    <ClInclude Include="src\Arc\Events\ApplicationEvent.h">
      <Filter>Arc\Events</Filter>
    </ClInclude>
    <ClInclude Include="src\Arc\Events\Event.h">
      <Filter>Arc\Events</Filter>
    </ClInclude>
    <ClInclude Include="src\Arc\Events\KeyEvent.h">
      <Filter>Arc\Events</Filter>
    </ClInclude>
    <ClInclude Include="src\Arc\Events\MouseEvent.h">
      <Filter>Arc\Events</Filter>
    </ClInclude>
    <ClInclude Include="src\Arc\Log.h">
      <Filter>Arc</Filter>
    </ClInclude>
    <ClInclude Include="src\apch.h" />
    <ClInclude Include="src\Platform\WIndows\WindowsWindow.h" />
    <ClInclude Include="src\Arc\Window.h" />
  </ItemGroup>
  <ItemGroup>
    <ClCompile Include="src\Arc\Application.cpp">
      <Filter>Arc</Filter>
    </ClCompile>
    <ClCompile Include="src\Arc\Log.cpp">
      <Filter>Arc</Filter>
    </ClCompile>
    <ClCompile Include="src\apch.cpp" />
    <ClCompile Include="src\Platform\WIndows\WindowsWindow.cpp" />
  </ItemGroup>
</Project>